PODS:
  - AppCenter/Analytics (1.1.0):
    - AppCenter/Core
  - AppCenter/Core (1.1.0)
  - AppCenter/Crashes (1.1.0):
    - AppCenter/Core
  - AppCenterReactNativeShared (1.1.0):
    - AppCenter/Core (= 1.1.0)
  - boost-for-react-native (1.63.0)
  - DoubleConversion (1.1.5)
  - Firebase/Core (4.11.0):
    - FirebaseAnalytics (= 4.1.0)
    - FirebaseCore (= 4.0.18)
  - Firebase/Messaging (4.11.0):
    - Firebase/Core
    - FirebaseMessaging (= 2.1.1)
  - FirebaseAnalytics (4.1.0):
    - FirebaseCore (~> 4.0)
    - FirebaseInstanceID (~> 2.0)
    - GoogleToolboxForMac/NSData+zlib (~> 2.1)
    - nanopb (~> 0.3)
  - FirebaseCore (4.0.18):
    - GoogleToolboxForMac/NSData+zlib (~> 2.1)
  - FirebaseInstanceID (2.0.10):
    - FirebaseCore (~> 4.0)
  - FirebaseMessaging (2.1.1):
    - FirebaseAnalytics (~> 4.1)
    - FirebaseCore (~> 4.0)
    - FirebaseInstanceID (~> 2.0)
    - GoogleToolboxForMac/Logger (~> 2.1)
    - Protobuf (~> 3.5)
  - Folly (2016.09.26.00):
    - boost-for-react-native
    - DoubleConversion
    - glog
  - glog (0.3.4)
  - GoogleToolboxForMac/Defines (2.1.3)
  - GoogleToolboxForMac/Logger (2.1.3):
    - GoogleToolboxForMac/Defines (= 2.1.3)
  - GoogleToolboxForMac/NSData+zlib (2.1.3):
    - GoogleToolboxForMac/Defines (= 2.1.3)
  - nanopb (0.3.8):
    - nanopb/decode (= 0.3.8)
    - nanopb/encode (= 0.3.8)
  - nanopb/decode (0.3.8)
  - nanopb/encode (0.3.8)
  - Protobuf (3.5.0)
  - React (0.55.1):
    - React/Core (= 0.55.1)
  - React/Core (0.55.1):
    - yoga (= 0.55.1.React)
  - React/CxxBridge (0.55.1):
    - Folly (= 2016.09.26.00)
    - React/Core
    - React/cxxreact
  - React/cxxreact (0.55.1):
    - boost-for-react-native (= 1.63.0)
    - Folly (= 2016.09.26.00)
    - React/jschelpers
    - React/jsinspector
  - React/DevSupport (0.55.1):
    - React/Core
    - React/RCTWebSocket
  - React/fishhook (0.55.1)
  - React/jschelpers (0.55.1):
    - Folly (= 2016.09.26.00)
    - React/PrivateDatabase
  - React/jsinspector (0.55.1)
  - React/PrivateDatabase (0.55.1)
  - React/RCTBlob (0.55.1):
    - React/Core
  - React/RCTNetwork (0.55.1):
    - React/Core
  - React/RCTWebSocket (0.55.1):
    - React/Core
    - React/fishhook
    - React/RCTBlob
  - RNDeviceInfo (0.9.3):
    - React
  - yoga (0.55.1.React)

DEPENDENCIES:
  - AppCenter/Analytics (~> 1.1.0)
  - AppCenter/Crashes (~> 1.1.0)
  - AppCenterReactNativeShared (~> 1.1.0)
  - DoubleConversion (from `../node_modules/react-native/third-party-podspecs/DoubleConversion.podspec`)
  - Firebase/Messaging
  - Folly (from `../node_modules/react-native/third-party-podspecs/Folly.podspec`)
  - glog (from `../node_modules/react-native/third-party-podspecs/glog.podspec`)
  - React/CxxBridge (from `../node_modules/react-native`)
  - React/DevSupport (from `../node_modules/react-native`)
  - React/RCTNetwork (from `../node_modules/react-native`)
  - RNDeviceInfo (from `../node_modules/react-native-device-info`)
  - yoga (from `../node_modules/react-native/ReactCommon/yoga`)

EXTERNAL SOURCES:
  DoubleConversion:
    :podspec: ../node_modules/react-native/third-party-podspecs/DoubleConversion.podspec
  Folly:
    :podspec: ../node_modules/react-native/third-party-podspecs/Folly.podspec
  glog:
    :podspec: ../node_modules/react-native/third-party-podspecs/glog.podspec
  React:
    :path: ../node_modules/react-native
  RNDeviceInfo:
    :path: ../node_modules/react-native-device-info
  yoga:
    :path: ../node_modules/react-native/ReactCommon/yoga

SPEC CHECKSUMS:
  AppCenter: 97c88c10f83719de514aa7f186766f289012f074
  AppCenterReactNativeShared: 76f8034b52ce0a9edcdb67b98f85e9790c813318
  boost-for-react-native: 39c7adb57c4e60d6c5479dd8623128eb5b3f0f2c
  DoubleConversion: e22e0762848812a87afd67ffda3998d9ef29170c
  Firebase: cc13dfab1038c8b45d7903e01fc690451d6d0b24
  FirebaseAnalytics: 3dfae28d4a5e06f86c4fae830efc2ad3fadb19bc
  FirebaseCore: b981f47e5254cbcfdeb483355300d743f6fcab2c
  FirebaseInstanceID: 8d20d890d65c917f9f7d9950b6e10a760ad34321
  FirebaseMessaging: db0e01c52ef7e1f42846431273558107d084ede4
  Folly: 211775e49d8da0ca658aebc8eab89d642935755c
  glog: 1de0bb937dccdc981596d3b5825ebfb765017ded
  GoogleToolboxForMac: 2501e2ad72a52eb3dfe7bd9aee7dad11b858bd20
  nanopb: 5601e6bca2dbf1ed831b519092ec110f66982ca3
  Protobuf: 8a9838fba8dae3389230e1b7f8c104aa32389c03
  React: 35618ff86985ccc5a8a17d3ca0dd76fd47e0c690
  RNDeviceInfo: b375b3374cda3203d6d48cea8c07e46ba1169e26
  yoga: a23273df0088bf7f2bb7e5d7b00044ea57a2a54a

PODFILE CHECKSUM: c3f5929f4df847243a1c68d9558f3a6f67dac143

COCOAPODS: 1.4.0
