PODS:
  - AppCenter/Analytics (1.5.0):
    - AppCenter/Core
  - AppCenter/Core (1.5.0)
  - AppCenter/Crashes (1.5.0):
    - AppCenter/Core
  - AppCenterReactNativeShared (1.4.0):
    - AppCenter/Core (= 1.5.0)
  - boost-for-react-native (1.63.0)
  - DoubleConversion (1.1.5)
  - Firebase/CoreOnly (5.6.0):
    - FirebaseCore (= 5.1.1)
  - Firebase/Messaging (5.6.0):
    - Firebase/CoreOnly
    - FirebaseMessaging (= 3.1.0)
  - FirebaseCore (5.1.1):
    - GoogleUtilities/Logger (~> 5.2)
  - FirebaseInstanceID (3.2.1):
    - FirebaseCore (~> 5.1)
    - GoogleUtilities/Environment (~> 5.2)
  - FirebaseMessaging (3.1.0):
    - FirebaseCore (~> 5.0)
    - FirebaseInstanceID (~> 3.0)
    - GoogleUtilities/Reachability (~> 5.2)
    - Protobuf (~> 3.1)
  - Folly (2016.09.26.00):
    - boost-for-react-native
    - DoubleConversion
    - glog
  - glog (0.3.4)
  - Google-Maps-iOS-Utils (2.1.0):
    - Google-Maps-iOS-Utils/Clustering (= 2.1.0)
    - Google-Maps-iOS-Utils/Geometry (= 2.1.0)
    - Google-Maps-iOS-Utils/Heatmap (= 2.1.0)
    - Google-Maps-iOS-Utils/QuadTree (= 2.1.0)
    - GoogleMaps
  - Google-Maps-iOS-Utils/Clustering (2.1.0):
    - Google-Maps-iOS-Utils/QuadTree
    - GoogleMaps
  - Google-Maps-iOS-Utils/Geometry (2.1.0):
    - GoogleMaps
  - Google-Maps-iOS-Utils/Heatmap (2.1.0):
    - Google-Maps-iOS-Utils/QuadTree
    - GoogleMaps
  - Google-Maps-iOS-Utils/QuadTree (2.1.0):
    - GoogleMaps
  - GoogleMaps (2.5.0):
    - GoogleMaps/Maps (= 2.5.0)
  - GoogleMaps/Base (2.5.0)
  - GoogleMaps/Maps (2.5.0):
    - GoogleMaps/Base
  - GoogleUtilities/Environment (5.2.2)
  - GoogleUtilities/Logger (5.2.2):
    - GoogleUtilities/Environment
  - GoogleUtilities/Reachability (5.2.2):
    - GoogleUtilities/Logger
  - Interactable (0.1.10):
    - React
  - Protobuf (3.6.1)
  - React (0.55.0):
    - React/Core (= 0.55.0)
  - react-native-camera (0.10.0):
    - React
  - react-native-google-maps (0.21.0):
    - Google-Maps-iOS-Utils (= 2.1.0)
    - GoogleMaps (= 2.5.0)
    - React
  - react-native-maps (0.21.0):
    - React
  - React/Core (0.55.0):
    - yoga (= 0.55.0.React)
  - React/CxxBridge (0.55.0):
    - Folly (= 2016.09.26.00)
    - React/Core
    - React/cxxreact
  - React/cxxreact (0.55.0):
    - boost-for-react-native (= 1.63.0)
    - Folly (= 2016.09.26.00)
    - React/jschelpers
    - React/jsinspector
  - React/DevSupport (0.55.0):
    - React/Core
    - React/RCTWebSocket
  - React/fishhook (0.55.0)
  - React/jschelpers (0.55.0):
    - Folly (= 2016.09.26.00)
    - React/PrivateDatabase
  - React/jsinspector (0.55.0)
  - React/PrivateDatabase (0.55.0)
  - React/RCTActionSheet (0.55.0):
    - React/Core
  - React/RCTAnimation (0.55.0):
    - React/Core
  - React/RCTBlob (0.55.0):
    - React/Core
  - React/RCTGeolocation (0.55.0):
    - React/Core
  - React/RCTImage (0.55.0):
    - React/Core
    - React/RCTNetwork
  - React/RCTLinkingIOS (0.55.0):
    - React/Core
  - React/RCTNetwork (0.55.0):
    - React/Core
  - React/RCTSettings (0.55.0):
    - React/Core
  - React/RCTText (0.55.0):
    - React/Core
  - React/RCTVibration (0.55.0):
    - React/Core
  - React/RCTWebSocket (0.55.0):
    - React/Core
    - React/fishhook
    - React/RCTBlob
  - RNDeviceInfo (0.21.5):
    - React
  - RNSVG (6.5.2):
    - React
  - RNVectorIcons (4.6.0):
    - React
  - yoga (0.55.0.React)

DEPENDENCIES:
  - AppCenter/Analytics (~> 1.5.0)
  - AppCenter/Crashes (~> 1.5.0)
  - AppCenterReactNativeShared (~> 1.4.0)
  - DoubleConversion (from `../node_modules/react-native/third-party-podspecs/DoubleConversion.podspec`)
  - Firebase/Messaging
  - Folly (from `../node_modules/react-native/third-party-podspecs/Folly.podspec`)
  - glog (from `../node_modules/react-native/third-party-podspecs/glog.podspec`)
  - Google-Maps-iOS-Utils
  - GoogleMaps
  - Interactable (from `../node_modules/react-native-interactable`)
  - react-native-camera (from `../node_modules/react-native-camera`)
  - react-native-google-maps (from `../node_modules/react-native-maps`)
  - react-native-maps (from `../node_modules/react-native-maps`)
  - React/Core (from `../node_modules/react-native`)
  - React/CxxBridge (from `../node_modules/react-native`)
  - React/DevSupport (from `../node_modules/react-native`)
  - React/RCTActionSheet (from `../node_modules/react-native`)
  - React/RCTAnimation (from `../node_modules/react-native`)
  - React/RCTGeolocation (from `../node_modules/react-native`)
  - React/RCTImage (from `../node_modules/react-native`)
  - React/RCTLinkingIOS (from `../node_modules/react-native`)
  - React/RCTNetwork (from `../node_modules/react-native`)
  - React/RCTSettings (from `../node_modules/react-native`)
  - React/RCTText (from `../node_modules/react-native`)
  - React/RCTVibration (from `../node_modules/react-native`)
  - React/RCTWebSocket (from `../node_modules/react-native`)
  - RNDeviceInfo (from `../node_modules/react-native-device-info`)
  - RNSVG (from `../node_modules/react-native-svg`)
  - RNVectorIcons (from `../node_modules/react-native-vector-icons`)
  - yoga (from `../node_modules/react-native/ReactCommon/yoga`)

SPEC REPOS:
  https://github.com/cocoapods/specs.git:
    - AppCenter
    - AppCenterReactNativeShared
    - boost-for-react-native
    - Firebase
    - FirebaseCore
    - FirebaseInstanceID
    - FirebaseMessaging
    - Google-Maps-iOS-Utils
    - GoogleMaps
    - GoogleUtilities
    - Protobuf

EXTERNAL SOURCES:
  DoubleConversion:
    :podspec: "../node_modules/react-native/third-party-podspecs/DoubleConversion.podspec"
  Folly:
    :podspec: "../node_modules/react-native/third-party-podspecs/Folly.podspec"
  glog:
    :podspec: "../node_modules/react-native/third-party-podspecs/glog.podspec"
  Interactable:
    :path: "../node_modules/react-native-interactable"
  React:
    :path: "../node_modules/react-native"
  react-native-camera:
    :path: "../node_modules/react-native-camera"
  react-native-google-maps:
    :path: "../node_modules/react-native-maps"
  react-native-maps:
    :path: "../node_modules/react-native-maps"
  RNDeviceInfo:
    :path: "../node_modules/react-native-device-info"
  RNSVG:
    :path: "../node_modules/react-native-svg"
  RNVectorIcons:
    :path: "../node_modules/react-native-vector-icons"
  yoga:
    :path: "../node_modules/react-native/ReactCommon/yoga"

SPEC CHECKSUMS:
  AppCenter: 42c293f0de27e173aacd600a55a49da5317cd40e
  AppCenterReactNativeShared: 056324303732841fff14f2a71c4a6839831b038b
  boost-for-react-native: 39c7adb57c4e60d6c5479dd8623128eb5b3f0f2c
  DoubleConversion: e22e0762848812a87afd67ffda3998d9ef29170c
  Firebase: 75ea9e232eefa158c1049028030b8f661a2ccb62
  FirebaseCore: cb9ee75e0894def766167c95a4d5a14b1c138269
  FirebaseInstanceID: ea5af6920d0a4a29b40459d055bebe4a6c1333c4
  FirebaseMessaging: f67b3719f520ee200da0e20ce577fe2bce0c01d0
  Folly: 211775e49d8da0ca658aebc8eab89d642935755c
  glog: 1de0bb937dccdc981596d3b5825ebfb765017ded
  Google-Maps-iOS-Utils: c32891ff472eaaa1fca032beedafa1a013af7875
  GoogleMaps: c087b8e5dfe87ca6ebf59adb9b4894a4146bec4f
  GoogleUtilities: 06b66f9567769a7958db20a92f0128b2843e49d5
  Interactable: 45e5d4d1bb2d196f08b011010c6913469ccf4d0a
  Protobuf: 1eb9700044745f00181c136ef21b8ff3ad5a0fd5
  React: 35618ff86985ccc5a8a17d3ca0dd76fd47e0c690
  react-native-camera: 46c2596d7b5f0d46eaf8022eeee4b7689f826a67
  react-native-google-maps: 2cfe3b01f8422c7dae51d8764139fd70f888cfce
  react-native-maps: 066c2afcc89e18726377bcc685315f989ca22449
  RNDeviceInfo: 568c5641057313b4912d08a7742ff0b2f753ed5c
  RNSVG: 6252323c0312735f0af5f58b5adf2965b6a9ffbf
  RNVectorIcons: c0dbfbf6068fefa240c37b0f71bd03b45dddac44
  yoga: a23273df0088bf7f2bb7e5d7b00044ea57a2a54a

PODFILE CHECKSUM: 93a53a81d135911f578cb90909e3808d90d2dc17

COCOAPODS: 1.5.3
